# THIS IS AN AUTOGENERATED FILE. DO NOT EDIT THIS FILE DIRECTLY.
# yarn lockfile v1


"@types/formidable@^1.0.31":
  version "1.2.5"
  resolved "https://registry.yarnpkg.com/@types/formidable/-/formidable-1.2.5.tgz#561d026e5f09179e5c8ef7b31e8f4652e11abe4c"
  integrity sha512-zu3mQJa4hDNubEMViSj937602XdDGzK7Q5pJ5QmLUbNxclbo9tZGt5jtwM352ssZ+pqo5V4H14TBvT/ALqQQcA==
  dependencies:
    "@types/node" "*"

"@types/node@*", "@types/node@^17.0.12":
  version "17.0.12"
  resolved "https://registry.yarnpkg.com/@types/node/-/node-17.0.12.tgz#f7aa331b27f08244888c47b7df126184bc2339c5"
  integrity sha512-4YpbAsnJXWYK/fpTVFlMIcUIho2AYCi4wg5aNPrG1ng7fn/1/RZfCIpRCiBX+12RVa34RluilnvCqD+g3KiSiA==

abort-controller@^3.0.0:
  version "3.0.0"
  resolved "https://registry.yarnpkg.com/abort-controller/-/abort-controller-3.0.0.tgz#eaf54d53b62bae4138e809ca225c8439a6efb392"
  integrity sha512-h8lQ8tacZYnR3vNQTgibj+tODHI5/+l06Au2Pcriv/Gmet0eaj4TwWH41sO9wnHDiQsEj19q0drzdWdeAHtweg==
  dependencies:
    event-target-shim "^5.0.0"

accepts@^1.3.5:
  version "1.3.7"
  resolved "https://registry.yarnpkg.com/accepts/-/accepts-1.3.7.tgz#531bc726517a3b2b41f850021c6cc15eaab507cd"
  integrity sha512-Il80Qs2WjYlJIBNzNkK6KYqlVMTbZLXgHx2oT0pU/fjRHyEp+PEfEPY0R3WCwAGVOtauxh1hOxNgIf5bv7dQpA==
  dependencies:
    mime-types "~2.1.24"
    negotiator "0.6.2"

buffer-alloc-unsafe@^1.1.0:
  version "1.1.0"
  resolved "https://registry.yarnpkg.com/buffer-alloc-unsafe/-/buffer-alloc-unsafe-1.1.0.tgz#bd7dc26ae2972d0eda253be061dba992349c19f0"
  integrity sha512-TEM2iMIEQdJ2yjPJoSIsldnleVaAk1oW3DBVUykyOLsEsFmEc9kn+SFFPz+gl54KQNxlDnAwCXosOS9Okx2xAg==

buffer-alloc@^1.2.0:
  version "1.2.0"
  resolved "https://registry.yarnpkg.com/buffer-alloc/-/buffer-alloc-1.2.0.tgz#890dd90d923a873e08e10e5fd51a57e5b7cce0ec"
  integrity sha512-CFsHQgjtW1UChdXgbyJGtnm+O/uLQeZdtbDo8mfUgYXCHSM1wgrVxXm6bSyrUuErEb+4sYVGCzASBRot7zyrow==
  dependencies:
    buffer-alloc-unsafe "^1.1.0"
    buffer-fill "^1.0.0"

buffer-fill@^1.0.0:
  version "1.0.0"
  resolved "https://registry.yarnpkg.com/buffer-fill/-/buffer-fill-1.0.0.tgz#f8f78b76789888ef39f205cd637f68e702122b2c"
  integrity sha1-+PeLdniYiO858gXNY39o5wISKyw=

bytes@3.1.1:
  version "3.1.1"
  resolved "https://registry.yarnpkg.com/bytes/-/bytes-3.1.1.tgz#3f018291cb4cbad9accb6e6970bca9c8889e879a"
  integrity sha512-dWe4nWO/ruEOY7HkUJ5gFt1DCFV9zPRoJr8pV0/ASQermOZjtq8jMjOprC0Kd10GLN+l7xaUPvxzJFWtxGu8Fg==

cache-content-type@^1.0.0:
  version "1.0.1"
  resolved "https://registry.yarnpkg.com/cache-content-type/-/cache-content-type-1.0.1.tgz#035cde2b08ee2129f4a8315ea8f00a00dba1453c"
  integrity sha512-IKufZ1o4Ut42YUrZSo8+qnMTrFuKkvyoLXUywKz9GJ5BrhOFGhLdkx9sG4KAnVvbY6kEcSFjLQul+DVmBm2bgA==
  dependencies:
    mime-types "^2.1.18"
    ylru "^1.2.0"

call-bind@^1.0.0:
  version "1.0.2"
  resolved "https://registry.yarnpkg.com/call-bind/-/call-bind-1.0.2.tgz#b1d4e89e688119c3c9a903ad30abb2f6a919be3c"
  integrity sha512-7O+FbCihrB5WGbFYesctwmTKae6rOiIzmz1icreWJ+0aA7LJfuqhEso2T9ncpcFtzMQtzXf2QGGueWJGTYsqrA==
  dependencies:
    function-bind "^1.1.1"
    get-intrinsic "^1.0.2"

co-body@^5.1.1:
  version "5.2.0"
  resolved "https://registry.yarnpkg.com/co-body/-/co-body-5.2.0.tgz#5a0a658c46029131e0e3a306f67647302f71c124"
  integrity sha512-sX/LQ7LqUhgyaxzbe7IqwPeTr2yfpfUIQ/dgpKo6ZI4y4lpQA0YxAomWIY+7I7rHWcG02PG+OuPREzMW/5tszQ==
  dependencies:
    inflation "^2.0.0"
    qs "^6.4.0"
    raw-body "^2.2.0"
    type-is "^1.6.14"

co@^4.6.0:
  version "4.6.0"
  resolved "https://registry.yarnpkg.com/co/-/co-4.6.0.tgz#6ea6bdf3d853ae54ccb8e47bfa0bf3f9031fb184"
  integrity sha1-bqa989hTrlTMuOR7+gvz+QMfsYQ=

content-disposition@~0.5.2:
  version "0.5.4"
  resolved "https://registry.yarnpkg.com/content-disposition/-/content-disposition-0.5.4.tgz#8b82b4efac82512a02bb0b1dcec9d2c5e8eb5bfe"
  integrity sha512-FveZTNuGw04cxlAiWbzi6zTAL/lhehaWbTtgluJh4/E95DqMwTmha3KZN1aAWA8cFIhHzMZUvLevkw5Rqk+tSQ==
  dependencies:
    safe-buffer "5.2.1"

content-type@^1.0.4:
  version "1.0.4"
  resolved "https://registry.yarnpkg.com/content-type/-/content-type-1.0.4.tgz#e138cc75e040c727b1966fe5e5f8c9aee256fe3b"
  integrity sha512-hIP3EEPs8tB9AT1L+NUqtwOAps4mk2Zob89MWXMHjHWg9milF/j4osnnQLXBCBFBk/tvIG/tUc9mOUJiPBhPXA==

cookies@~0.8.0:
  version "0.8.0"
  resolved "https://registry.yarnpkg.com/cookies/-/cookies-0.8.0.tgz#1293ce4b391740a8406e3c9870e828c4b54f3f90"
  integrity sha512-8aPsApQfebXnuI+537McwYsDtjVxGm8gTIzQI3FDW6t5t/DAhERxtnbEPN/8RX+uZthoz4eCOgloXaE5cYyNow==
  dependencies:
    depd "~2.0.0"
    keygrip "~1.1.0"

debug@^4.1.1, debug@^4.3.2, debug@^4.3.3:
  version "4.3.3"
  resolved "https://registry.yarnpkg.com/debug/-/debug-4.3.3.tgz#04266e0b70a98d4462e6e288e38259213332b664"
  integrity sha512-/zxw5+vh1Tfv+4Qn7a5nsbcJKPaSvCDhojn6FEl9vupwK2VCSDtEiEtqr8DFtzYFOdz63LBkxec7DYuc2jon6Q==
  dependencies:
    ms "2.1.2"

deep-equal@~1.0.1:
  version "1.0.1"
  resolved "https://registry.yarnpkg.com/deep-equal/-/deep-equal-1.0.1.tgz#f5d260292b660e084eff4cdbc9f08ad3247448b5"
  integrity sha1-9dJgKStmDghO/0zbyfCK0yR0SLU=

delegates@^1.0.0:
  version "1.0.0"
  resolved "https://registry.yarnpkg.com/delegates/-/delegates-1.0.0.tgz#84c6e159b81904fdca59a0ef44cd870d31250f9a"
  integrity sha1-hMbhWbgZBP3KWaDvRM2HDTElD5o=

depd@^2.0.0, depd@~2.0.0:
  version "2.0.0"
  resolved "https://registry.yarnpkg.com/depd/-/depd-2.0.0.tgz#b696163cc757560d09cf22cc8fad1571b79e76df"
  integrity sha512-g7nH6P6dyDioJogAAGprGpCtVImJhpPk/roCzdb3fIh61/s/nPsfR6onyMwkCAR/OlC3yBC0lESvUoQEAssIrw==

depd@~1.1.2:
  version "1.1.2"
  resolved "https://registry.yarnpkg.com/depd/-/depd-1.1.2.tgz#9bcd52e14c097763e749b274c4346ed2e560b5a9"
  integrity sha1-m81S4UwJd2PnSbJ0xDRu0uVgtak=

destroy@^1.0.4:
  version "1.1.0"
  resolved "https://registry.yarnpkg.com/destroy/-/destroy-1.1.0.tgz#b77ae22e472d85437141319d32ae40b344dff38a"
  integrity sha512-R5QZrOXxSs0JDUIU/VANvRJlQVMts9C0L76HToQdPdlftfZCE7W6dyH0G4GZ5UW9fRqUOhAoCE2aGekuu+3HjQ==

ee-first@1.1.1:
  version "1.1.1"
  resolved "https://registry.yarnpkg.com/ee-first/-/ee-first-1.1.1.tgz#590c61156b0ae2f4f0255732a158b266bc56b21d"
  integrity sha1-WQxhFWsK4vTwJVcyoViyZrxWsh0=

encodeurl@^1.0.2:
  version "1.0.2"
  resolved "https://registry.yarnpkg.com/encodeurl/-/encodeurl-1.0.2.tgz#ad3ff4c86ec2d029322f5a02c3a9a606c95b3f59"
  integrity sha1-rT/0yG7C0CkyL1oCw6mmBslbP1k=

escape-html@^1.0.3:
  version "1.0.3"
  resolved "https://registry.yarnpkg.com/escape-html/-/escape-html-1.0.3.tgz#0258eae4d3d0c0974de1c169188ef0051d1d1988"
  integrity sha1-Aljq5NPQwJdN4cFpGI7wBR0dGYg=

event-target-shim@^5.0.0:
  version "5.0.1"
  resolved "https://registry.yarnpkg.com/event-target-shim/-/event-target-shim-5.0.1.tgz#5d4d3ebdf9583d63a5333ce2deb7480ab2b05789"
  integrity sha512-i/2XbnSz/uxRCU6+NdVJgKWDTM427+MqYbkQzD321DuCQJUqOuJKIA0IM2+W2xtYHdKOmZ4dR6fExsd4SXL+WQ==

formidable@^1.1.1:
  version "1.2.6"
  resolved "https://registry.yarnpkg.com/formidable/-/formidable-1.2.6.tgz#d2a51d60162bbc9b4a055d8457a7c75315d1a168"
  integrity sha512-KcpbcpuLNOwrEjnbpMC0gS+X8ciDoZE1kkqzat4a8vrprf+s9pKNQ/QIwWfbfs4ltgmFl3MD177SNTkve3BwGQ==

fresh@~0.5.2:
  version "0.5.2"
  resolved "https://registry.yarnpkg.com/fresh/-/fresh-0.5.2.tgz#3d8cadd90d976569fa835ab1f8e4b23a105605a7"
  integrity sha1-PYyt2Q2XZWn6g1qx+OSyOhBWBac=

function-bind@^1.1.1:
  version "1.1.1"
  resolved "https://registry.yarnpkg.com/function-bind/-/function-bind-1.1.1.tgz#a56899d3ea3c9bab874bb9773b7c5ede92f4895d"
  integrity sha512-yIovAzMX49sF8Yl58fSCWJ5svSLuaibPxXQJFLmBObTuCr0Mf1KiPopGM9NiFjiYBCbfaa2Fh6breQ6ANVTI0A==

get-intrinsic@^1.0.2:
  version "1.1.1"
  resolved "https://registry.yarnpkg.com/get-intrinsic/-/get-intrinsic-1.1.1.tgz#15f59f376f855c446963948f0d24cd3637b4abc6"
  integrity sha512-kWZrnVM42QCiEA2Ig1bG8zjoIMOgxWwYCEeNdwY6Tv/cOSeGpcoX4pXHfKUxNKVoArnrEr2e9srnAxxGIraS9Q==
  dependencies:
    function-bind "^1.1.1"
    has "^1.0.3"
    has-symbols "^1.0.1"

has-symbols@^1.0.1, has-symbols@^1.0.2:
  version "1.0.2"
  resolved "https://registry.yarnpkg.com/has-symbols/-/has-symbols-1.0.2.tgz#165d3070c00309752a1236a479331e3ac56f1423"
  integrity sha512-chXa79rL/UC2KlX17jo3vRGz0azaWEx5tGqZg5pO3NUyEJVB17dMruQlzCCOfUvElghKcm5194+BCRvi2Rv/Gw==

has-tostringtag@^1.0.0:
  version "1.0.0"
  resolved "https://registry.yarnpkg.com/has-tostringtag/-/has-tostringtag-1.0.0.tgz#7e133818a7d394734f941e73c3d3f9291e658b25"
  integrity sha512-kFjcSNhnlGV1kyoGk7OXKSawH5JOb/LzUc5w9B02hOTO0dfFRjbHQKvg1d6cf3HbeUmtU9VbbV3qzZ2Teh97WQ==
  dependencies:
    has-symbols "^1.0.2"

has@^1.0.3:
  version "1.0.3"
  resolved "https://registry.yarnpkg.com/has/-/has-1.0.3.tgz#722d7cbfc1f6aa8241f16dd814e011e1f41e8796"
  integrity sha512-f2dvO0VU6Oej7RkWJGrehjbzMAjFp5/VKPp5tTpWIV4JHHZK1/BxbFRtf/siA2SWTe09caDmVtYYzWEIbBS4zw==
  dependencies:
    function-bind "^1.1.1"

http-assert@^1.3.0:
  version "1.5.0"
  resolved "https://registry.yarnpkg.com/http-assert/-/http-assert-1.5.0.tgz#c389ccd87ac16ed2dfa6246fd73b926aa00e6b8f"
  integrity sha512-uPpH7OKX4H25hBmU6G1jWNaqJGpTXxey+YOUizJUAgu0AjLUeC8D73hTrhvDS5D+GJN1DN1+hhc/eF/wpxtp0w==
  dependencies:
    deep-equal "~1.0.1"
    http-errors "~1.8.0"

http-errors@1.8.1, http-errors@^1.6.3, http-errors@^1.7.3, http-errors@~1.8.0:
  version "1.8.1"
  resolved "https://registry.yarnpkg.com/http-errors/-/http-errors-1.8.1.tgz#7c3f28577cbc8a207388455dbd62295ed07bd68c"
  integrity sha512-Kpk9Sm7NmI+RHhnj6OIWDI1d6fIoFAtFt9RLaTMRlg/8w49juAStsrBgp0Dp4OdxdVbRIeKhtCUvoi/RuAhO4g==
  dependencies:
    depd "~1.1.2"
    inherits "2.0.4"
    setprototypeof "1.2.0"
    statuses ">= 1.5.0 < 2"
    toidentifier "1.0.1"

iconv-lite@0.4.24:
  version "0.4.24"
  resolved "https://registry.yarnpkg.com/iconv-lite/-/iconv-lite-0.4.24.tgz#2022b4b25fbddc21d2f524974a474aafe733908b"
  integrity sha512-v3MXnZAcvnywkTUEZomIActle7RXXeedOR31wwl7VlyoXO4Qi9arvSenNQWne1TcRwhCL1HwLI21bEqdpj8/rA==
  dependencies:
    safer-buffer ">= 2.1.2 < 3"

inflation@^2.0.0:
  version "2.0.0"
  resolved "https://registry.yarnpkg.com/inflation/-/inflation-2.0.0.tgz#8b417e47c28f925a45133d914ca1fd389107f30f"
  integrity sha1-i0F+R8KPklpFEz2RTKH9OJEH8w8=

inherits@2.0.4:
  version "2.0.4"
  resolved "https://registry.yarnpkg.com/inherits/-/inherits-2.0.4.tgz#0fa2c64f932917c3433a0ded55363aae37416b7c"
  integrity sha512-k/vGaX4/Yla3WzyMCvTQOXYeIHvqOKtnqBduzTHpzpQZzAskKMhZ2K+EnBiSM9zGSoIFeMpXKxa4dYeZIQqewQ==

is-generator-function@^1.0.7:
  version "1.0.10"
  resolved "https://registry.yarnpkg.com/is-generator-function/-/is-generator-function-1.0.10.tgz#f1558baf1ac17e0deea7c0415c438351ff2b3c72"
  integrity sha512-jsEjy9l3yiXEQ+PsXdmBwEPcOxaXWLspKdplFUVI9vq1iZgIekeC0L167qeu86czQaxed3q/Uzuw0swL0irL8A==
  dependencies:
    has-tostringtag "^1.0.0"

keygrip@~1.1.0:
  version "1.1.0"
  resolved "https://registry.yarnpkg.com/keygrip/-/keygrip-1.1.0.tgz#871b1681d5e159c62a445b0c74b615e0917e7226"
  integrity sha512-iYSchDJ+liQ8iwbSI2QqsQOvqv58eJCEanyJPJi+Khyu8smkcKSFUCbPwzFcL7YVtZ6eONjqRX/38caJ7QjRAQ==
  dependencies:
    tsscmp "1.0.6"

koa-body@^4.2.0:
  version "4.2.0"
  resolved "https://registry.yarnpkg.com/koa-body/-/koa-body-4.2.0.tgz#37229208b820761aca5822d14c5fc55cee31b26f"
  integrity sha512-wdGu7b9amk4Fnk/ytH8GuWwfs4fsB5iNkY8kZPpgQVb04QZSv85T0M8reb+cJmvLE8cjPYvBzRikD3s6qz8OoA==
  dependencies:
    "@types/formidable" "^1.0.31"
    co-body "^5.1.1"
    formidable "^1.1.1"

koa-compose@^4.1.0:
  version "4.1.0"
  resolved "https://registry.yarnpkg.com/koa-compose/-/koa-compose-4.1.0.tgz#507306b9371901db41121c812e923d0d67d3e877"
  integrity sha512-8ODW8TrDuMYvXRwra/Kh7/rJo9BtOfPc6qO8eAfC80CnCvSjSl0bkRM24X6/XBBEyj0v1nRUQ1LyOy3dbqOWXw==

koa-convert@^2.0.0:
  version "2.0.0"
  resolved "https://registry.yarnpkg.com/koa-convert/-/koa-convert-2.0.0.tgz#86a0c44d81d40551bae22fee6709904573eea4f5"
  integrity sha512-asOvN6bFlSnxewce2e/DK3p4tltyfC4VM7ZwuTuepI7dEQVcvpyFuBcEARu1+Hxg8DIwytce2n7jrZtRlPrARA==
  dependencies:
    co "^4.6.0"
    koa-compose "^4.1.0"

koa-router@^10.1.1:
  version "10.1.1"
  resolved "https://registry.yarnpkg.com/koa-router/-/koa-router-10.1.1.tgz#20809f82648518b84726cd445037813cd99f17ff"
  integrity sha512-z/OzxVjf5NyuNO3t9nJpx7e1oR3FSBAauiwXtMQu4ppcnuNZzTaQ4p21P8A6r2Es8uJJM339oc4oVW+qX7SqnQ==
  dependencies:
    debug "^4.1.1"
    http-errors "^1.7.3"
    koa-compose "^4.1.0"
    methods "^1.1.2"
    path-to-regexp "^6.1.0"

koa@^2.13.4:
  version "2.13.4"
  resolved "https://registry.yarnpkg.com/koa/-/koa-2.13.4.tgz#ee5b0cb39e0b8069c38d115139c774833d32462e"
  integrity sha512-43zkIKubNbnrULWlHdN5h1g3SEKXOEzoAlRsHOTFpnlDu8JlAOZSMJBLULusuXRequboiwJcj5vtYXKB3k7+2g==
  dependencies:
    accepts "^1.3.5"
    cache-content-type "^1.0.0"
    content-disposition "~0.5.2"
    content-type "^1.0.4"
    cookies "~0.8.0"
    debug "^4.3.2"
    delegates "^1.0.0"
    depd "^2.0.0"
    destroy "^1.0.4"
    encodeurl "^1.0.2"
    escape-html "^1.0.3"
    fresh "~0.5.2"
    http-assert "^1.3.0"
    http-errors "^1.6.3"
    is-generator-function "^1.0.7"
    koa-compose "^4.1.0"
    koa-convert "^2.0.0"
    on-finished "^2.3.0"
    only "~0.0.2"
    parseurl "^1.3.2"
    statuses "^1.5.0"
    type-is "^1.6.16"
    vary "^1.1.2"

media-typer@0.3.0:
  version "0.3.0"
  resolved "https://registry.yarnpkg.com/media-typer/-/media-typer-0.3.0.tgz#8710d7af0aa626f8fffa1ce00168545263255748"
  integrity sha1-hxDXrwqmJvj/+hzgAWhUUmMlV0g=

methods@^1.1.2:
  version "1.1.2"
  resolved "https://registry.yarnpkg.com/methods/-/methods-1.1.2.tgz#5529a4d67654134edcc5266656835b0f851afcee"
  integrity sha1-VSmk1nZUE07cxSZmVoNbD4Ua/O4=

mime-db@1.51.0:
  version "1.51.0"
  resolved "https://registry.yarnpkg.com/mime-db/-/mime-db-1.51.0.tgz#d9ff62451859b18342d960850dc3cfb77e63fb0c"
  integrity sha512-5y8A56jg7XVQx2mbv1lu49NR4dokRnhZYTtL+KGfaa27uq4pSTXkwQkFJl4pkRMyNFz/EtYDSkiiEHx3F7UN6g==

mime-types@^2.1.18, mime-types@~2.1.24:
  version "2.1.34"
  resolved "https://registry.yarnpkg.com/mime-types/-/mime-types-2.1.34.tgz#5a712f9ec1503511a945803640fafe09d3793c24"
  integrity sha512-6cP692WwGIs9XXdOO4++N+7qjqv0rqxxVvJ3VHPh/Sc9mVZcQP+ZGhkKiTvWMQRr2tbHkJP/Yn7Y0npb3ZBs4A==
  dependencies:
    mime-db "1.51.0"

minimist@^1.2.5:
  version "1.2.5"
  resolved "https://registry.yarnpkg.com/minimist/-/minimist-1.2.5.tgz#67d66014b66a6a8aaa0c083c5fd58df4e4e97602"
  integrity sha512-FM9nNUYrRBAELZQT3xeZQ7fmMOBg6nWNmJKTcgsJeaLstP/UODVpGsr5OhXhhXg6f+qtJ8uiZ+PUxkDWcgIXLw==

module-alias@^2.2.2:
  version "2.2.2"
  resolved "https://registry.yarnpkg.com/module-alias/-/module-alias-2.2.2.tgz#151cdcecc24e25739ff0aa6e51e1c5716974c0e0"
  integrity sha512-A/78XjoX2EmNvppVWEhM2oGk3x4lLxnkEA4jTbaK97QKSDjkIoOsKQlfylt/d3kKKi596Qy3NP5XrXJ6fZIC9Q==

ms@2.1.2:
  version "2.1.2"
  resolved "https://registry.yarnpkg.com/ms/-/ms-2.1.2.tgz#d09d1f357b443f493382a8eb3ccd183872ae6009"
  integrity sha512-sGkPx+VjMtmA6MX27oA4FBFELFCZZ4S4XqeGOXCv68tT+jb3vk/RyaKWP0PTKyWtmLSM0b+adUTEvbs1PEaH2w==

negotiator@0.6.2:
  version "0.6.2"
  resolved "https://registry.yarnpkg.com/negotiator/-/negotiator-0.6.2.tgz#feacf7ccf525a77ae9634436a64883ffeca346fb"
  integrity sha512-hZXc7K2e+PgeI1eDBe/10Ard4ekbfrrqG8Ep+8Jmf4JID2bNg7NvCPOZN+kfF574pFQI7mum2AUqDidoKqcTOw==

node-fetch@^2.6.6:
  version "2.6.7"
  resolved "https://registry.yarnpkg.com/node-fetch/-/node-fetch-2.6.7.tgz#24de9fba827e3b4ae44dc8b20256a379160052ad"
  integrity sha512-ZjMPFEfVx5j+y2yF35Kzx5sF7kDzxuDj6ziH4FFbOp87zKDZNx8yExJIb05OGF4Nlt9IHFIMBkRl41VdvcNdbQ==
  dependencies:
    whatwg-url "^5.0.0"

object-inspect@^1.9.0:
  version "1.12.0"
  resolved "https://registry.yarnpkg.com/object-inspect/-/object-inspect-1.12.0.tgz#6e2c120e868fd1fd18cb4f18c31741d0d6e776f0"
  integrity sha512-Ho2z80bVIvJloH+YzRmpZVQe87+qASmBUKZDWgx9cu+KDrX2ZDH/3tMy+gXbZETVGs2M8YdxObOh7XAtim9Y0g==

on-finished@^2.3.0:
  version "2.3.0"
  resolved "https://registry.yarnpkg.com/on-finished/-/on-finished-2.3.0.tgz#20f1336481b083cd75337992a16971aa2d906947"
  integrity sha1-IPEzZIGwg811M3mSoWlxqi2QaUc=
  dependencies:
    ee-first "1.1.1"

only@~0.0.2:
  version "0.0.2"
  resolved "https://registry.yarnpkg.com/only/-/only-0.0.2.tgz#2afde84d03e50b9a8edc444e30610a70295edfb4"
  integrity sha1-Kv3oTQPlC5qO3EROMGEKcCle37Q=

p-timeout@^4.1.0:
  version "4.1.0"
  resolved "https://registry.yarnpkg.com/p-timeout/-/p-timeout-4.1.0.tgz#788253c0452ab0ffecf18a62dff94ff1bd09ca0a"
  integrity sha512-+/wmHtzJuWii1sXn3HCuH/FTwGhrp4tmJTxSKJbfS+vkipci6osxXM5mY0jUiRzWKMTgUT8l7HFbeSwZAynqHw==

parseurl@^1.3.2:
  version "1.3.3"
  resolved "https://registry.yarnpkg.com/parseurl/-/parseurl-1.3.3.tgz#9da19e7bee8d12dff0513ed5b76957793bc2e8d4"
  integrity sha512-CiyeOxFT/JZyN5m0z9PfXw4SCBJ6Sygz1Dpl0wqjlhDEGGBP1GnsUVEL0p63hoG1fcj3fHynXi9NYO4nWOL+qQ==

path-to-regexp@^6.1.0:
  version "6.2.0"
  resolved "https://registry.yarnpkg.com/path-to-regexp/-/path-to-regexp-6.2.0.tgz#f7b3803336104c346889adece614669230645f38"
  integrity sha512-f66KywYG6+43afgE/8j/GoiNyygk/bnoCbps++3ErRKsIYkGGupyv07R2Ok5m9i67Iqc+T2g1eAUGUPzWhYTyg==

qs@^6.4.0:
  version "6.10.3"
  resolved "https://registry.yarnpkg.com/qs/-/qs-6.10.3.tgz#d6cde1b2ffca87b5aa57889816c5f81535e22e8e"
  integrity sha512-wr7M2E0OFRfIfJZjKGieI8lBKb7fRCH4Fv5KNPEs7gJ8jadvotdsS08PzOKR7opXhZ/Xkjtt3WF9g38drmyRqQ==
  dependencies:
    side-channel "^1.0.4"

raw-body@^2.2.0:
  version "2.4.2"
  resolved "https://registry.yarnpkg.com/raw-body/-/raw-body-2.4.2.tgz#baf3e9c21eebced59dd6533ac872b71f7b61cb32"
  integrity sha512-RPMAFUJP19WIet/99ngh6Iv8fzAbqum4Li7AD6DtGaW2RpMB/11xDoalPiJMTbu6I3hkbMVkATvZrqb9EEqeeQ==
  dependencies:
    bytes "3.1.1"
    http-errors "1.8.1"
    iconv-lite "0.4.24"
    unpipe "1.0.0"

safe-buffer@5.2.1:
  version "5.2.1"
  resolved "https://registry.yarnpkg.com/safe-buffer/-/safe-buffer-5.2.1.tgz#1eaf9fa9bdb1fdd4ec75f58f9cdb4e6b7827eec6"
  integrity sha512-rp3So07KcdmmKbGvgaNxQSJr7bGVSVk5S9Eq1F+ppbRo70+YeaDxkw5Dd8NPN+GD6bjnYm2VuPuCXmpuYvmCXQ==

safe-compare@^1.1.4:
  version "1.1.4"
  resolved "https://registry.yarnpkg.com/safe-compare/-/safe-compare-1.1.4.tgz#5e0128538a82820e2e9250cd78e45da6786ba593"
  integrity sha512-b9wZ986HHCo/HbKrRpBJb2kqXMK9CEWIE1egeEvZsYn69ay3kdfl9nG3RyOcR+jInTDf7a86WQ1d4VJX7goSSQ==
  dependencies:
    buffer-alloc "^1.2.0"

"safer-buffer@>= 2.1.2 < 3":
  version "2.1.2"
  resolved "https://registry.yarnpkg.com/safer-buffer/-/safer-buffer-2.1.2.tgz#44fa161b0187b9549dd84bb91802f9bd8385cd6a"
  integrity sha512-YZo3K82SD7Riyi0E1EQPojLz7kpepnSQI9IyPbHHg1XXXevb5dJI7tpyN2ADxGcQbHG7vcyRHk0cbwqcQriUtg==

sandwich-stream@^2.0.2:
  version "2.0.2"
  resolved "https://registry.yarnpkg.com/sandwich-stream/-/sandwich-stream-2.0.2.tgz#6d1feb6cf7e9fe9fadb41513459a72c2e84000fa"
  integrity sha512-jLYV0DORrzY3xaz/S9ydJL6Iz7essZeAfnAavsJ+zsJGZ1MOnsS52yRjU3uF3pJa/lla7+wisp//fxOwOH8SKQ==

setprototypeof@1.2.0:
  version "1.2.0"
  resolved "https://registry.yarnpkg.com/setprototypeof/-/setprototypeof-1.2.0.tgz#66c9a24a73f9fc28cbe66b09fed3d33dcaf1b424"
  integrity sha512-E5LDX7Wrp85Kil5bhZv46j8jOeboKq5JMmYM3gVGdGH8xFpPWXUMsNrlODCrkoxMEeNi/XZIwuRvY4XNwYMJpw==

side-channel@^1.0.4:
  version "1.0.4"
  resolved "https://registry.yarnpkg.com/side-channel/-/side-channel-1.0.4.tgz#efce5c8fdc104ee751b25c58d4290011fa5ea2cf"
  integrity sha512-q5XPytqFEIKHkGdiMIrY10mvLRvnQh42/+GoBlFW3b2LXLE2xxJpZFdm94we0BaoV3RwJyGqg5wS7epxTv0Zvw==
  dependencies:
    call-bind "^1.0.0"
    get-intrinsic "^1.0.2"
    object-inspect "^1.9.0"

"statuses@>= 1.5.0 < 2", statuses@^1.5.0:
  version "1.5.0"
  resolved "https://registry.yarnpkg.com/statuses/-/statuses-1.5.0.tgz#161c7dac177659fd9811f43771fa99381478628c"
  integrity sha1-Fhx9rBd2Wf2YEfQ3cfqZOBR4Yow=

telegraf@^4.6.0:
  version "4.6.0"
  resolved "https://registry.yarnpkg.com/telegraf/-/telegraf-4.6.0.tgz#3300d51f65a163c24426ed6e431c0d5df3729b06"
  integrity sha512-77JqMIyEd8jN5meTp6F50ILVsqxMaVplbDZtGNfJhVr75ZsnClLYt+z3p61cOcACaPIlgOtqzQwN0wtjVjdiCg==
  dependencies:
    abort-controller "^3.0.0"
    debug "^4.3.3"
    minimist "^1.2.5"
    module-alias "^2.2.2"
    node-fetch "^2.6.6"
    p-timeout "^4.1.0"
    safe-compare "^1.1.4"
    sandwich-stream "^2.0.2"
    typegram "^3.7.0"

toidentifier@1.0.1:
  version "1.0.1"
  resolved "https://registry.yarnpkg.com/toidentifier/-/toidentifier-1.0.1.tgz#3be34321a88a820ed1bd80dfaa33e479fbb8dd35"
  integrity sha512-o5sSPKEkg/DIQNmH43V0/uerLrpzVedkUh8tGNvaeXpfpuwjKenlSox/2O/BTlZUtEe+JG7s5YhEz608PlAHRA==

tr46@~0.0.3:
  version "0.0.3"
  resolved "https://registry.yarnpkg.com/tr46/-/tr46-0.0.3.tgz#8184fd347dac9cdc185992f3a6622e14b9d9ab6a"
  integrity sha1-gYT9NH2snNwYWZLzpmIuFLnZq2o=

tsscmp@1.0.6:
  version "1.0.6"
  resolved "https://registry.yarnpkg.com/tsscmp/-/tsscmp-1.0.6.tgz#85b99583ac3589ec4bfef825b5000aa911d605eb"
  integrity sha512-LxhtAkPDTkVCMQjt2h6eBVY28KCjikZqZfMcC15YBeNjkgUpdCfBu5HoiOTDu86v6smE8yOjyEktJ8hlbANHQA==

type-is@^1.6.14, type-is@^1.6.16:
  version "1.6.18"
  resolved "https://registry.yarnpkg.com/type-is/-/type-is-1.6.18.tgz#4e552cd05df09467dcbc4ef739de89f2cf37c131"
  integrity sha512-TkRKr9sUTxEH8MdfuCSP7VizJyzRNMjj2J2do2Jr3Kym598JVdEksuzPQCnlFPW4ky9Q+iA+ma9BGm06XQBy8g==
  dependencies:
    media-typer "0.3.0"
    mime-types "~2.1.24"

typegram@^3.7.0:
  version "3.7.0"
  resolved "https://registry.yarnpkg.com/typegram/-/typegram-3.7.0.tgz#9914fd87a4e20af9e730de7975dabaaa3c9a18ec"
  integrity sha512-IafMO+GRi5H8CtWSNihuD56Bjpmj/ISbg6G8jdTkNxldrym+FOPlo/fxtaPs/LyWnS0l1Bm18MUDwOikZSKmJw==

unpipe@1.0.0:
  version "1.0.0"
  resolved "https://registry.yarnpkg.com/unpipe/-/unpipe-1.0.0.tgz#b2bf4ee8514aae6165b4817829d21b2ef49904ec"
  integrity sha1-sr9O6FFKrmFltIF4KdIbLvSZBOw=

vary@^1.1.2:
  version "1.1.2"
  resolved "https://registry.yarnpkg.com/vary/-/vary-1.1.2.tgz#2299f02c6ded30d4a5961b0b9f74524a18f634fc"
  integrity sha1-IpnwLG3tMNSllhsLn3RSShj2NPw=

webidl-conversions@^3.0.0:
  version "3.0.1"
  resolved "https://registry.yarnpkg.com/webidl-conversions/-/webidl-conversions-3.0.1.tgz#24534275e2a7bc6be7bc86611cc16ae0a5654871"
  integrity sha1-JFNCdeKnvGvnvIZhHMFq4KVlSHE=

whatwg-url@^5.0.0:
  version "5.0.0"
  resolved "https://registry.yarnpkg.com/whatwg-url/-/whatwg-url-5.0.0.tgz#966454e8765462e37644d3626f6742ce8b70965d"
  integrity sha1-lmRU6HZUYuN2RNNib2dCzotwll0=
  dependencies:
    tr46 "~0.0.3"
    webidl-conversions "^3.0.0"

ylru@^1.2.0:
  version "1.2.1"
  resolved "https://registry.yarnpkg.com/ylru/-/ylru-1.2.1.tgz#f576b63341547989c1de7ba288760923b27fe84f"
  integrity sha512-faQrqNMzcPCHGVC2aaOINk13K+aaBDUPjGWl0teOXywElLjyVAB6Oe2jj62jHYtwsU49jXhScYbvPENK+6zAvQ==
